# This file is generated by running "yarn install" inside your project.
# Manual changes might be lost - proceed with caution!

__metadata:
  version: 8
  cacheKey: 10c0

"@discordjs/builders@npm:^1.7.0":
  version: 1.7.0
  resolution: "@discordjs/builders@npm:1.7.0"
  dependencies:
    "@discordjs/formatters": "npm:^0.3.3"
    "@discordjs/util": "npm:^1.0.2"
    "@sapphire/shapeshift": "npm:^3.9.3"
    discord-api-types: "npm:0.37.61"
    fast-deep-equal: "npm:^3.1.3"
    ts-mixer: "npm:^6.0.3"
    tslib: "npm:^2.6.2"
  checksum: 6d2264e68fb4396daded4d33a555d0a1fb71b2e7ad8dd28e8d668391204abd889abfe90e8118b940825ebc9765164616248a551e110953a46dc4696054946f8c
  languageName: node
  linkType: hard

"@discordjs/collection@npm:1.5.3":
  version: 1.5.3
  resolution: "@discordjs/collection@npm:1.5.3"
  checksum: 54338e005e9a1c6a5c91464cbcc378a5bf74410ad5b8bba1961b80d0ec8f1eb1b768ea737ad03bcb62430ea84aa5561523318b739538b334115ed775630ca42c
  languageName: node
  linkType: hard

"@discordjs/collection@npm:^2.0.0":
  version: 2.0.0
  resolution: "@discordjs/collection@npm:2.0.0"
  checksum: 5cc29341935af3705e909f71f30f1514ef491c2afb4411f5972ccffa9584f10d6d1dc3463354b2af00e7c0bdf874032a7b81740bb5affe0f2eedf7eef65080cd
  languageName: node
  linkType: hard

"@discordjs/core@npm:^1.1.0":
  version: 1.1.0
  resolution: "@discordjs/core@npm:1.1.0"
  dependencies:
    "@discordjs/rest": "npm:^2.1.0"
    "@discordjs/util": "npm:^1.0.2"
    "@discordjs/ws": "npm:^1.0.2"
    "@sapphire/snowflake": "npm:^3.5.1"
    "@vladfrangu/async_event_emitter": "npm:^2.2.2"
    discord-api-types: "npm:0.37.61"
  checksum: abf105f3af9cb732cd4fd408f95712d515f1a364c77bb0b38899ffbf3a15b09fd4f95238408dfc02039fff60fc2ac0f8e3e23b897f45d25971c26ce265509553
  languageName: node
  linkType: hard

"@discordjs/formatters@npm:^0.3.3":
  version: 0.3.3
  resolution: "@discordjs/formatters@npm:0.3.3"
  dependencies:
    discord-api-types: "npm:0.37.61"
  checksum: 1833c2e20b87aa6ae03202502a64d5ae235ee6a25feb41786bb86b7414fac7c59e518f99f2a60b15ad713165c91e16f17b3e8024898d6a3cd3df9f3e94488cd1
  languageName: node
  linkType: hard

"@discordjs/rest@npm:^2.1.0":
  version: 2.1.0
  resolution: "@discordjs/rest@npm:2.1.0"
  dependencies:
    "@discordjs/collection": "npm:^2.0.0"
    "@discordjs/util": "npm:^1.0.2"
    "@sapphire/async-queue": "npm:^1.5.0"
    "@sapphire/snowflake": "npm:^3.5.1"
    "@vladfrangu/async_event_emitter": "npm:^2.2.2"
    discord-api-types: "npm:0.37.61"
    magic-bytes.js: "npm:^1.5.0"
    tslib: "npm:^2.6.2"
    undici: "npm:5.27.2"
  checksum: 57a93b71ca431f9dfe1c724e0d2f2bbb8c6204d7cf9af6a5737f6d96e661623cf6177367b9b34c381151ef3791262444de00e4c6694ca4b77045217541126e2d
  languageName: node
  linkType: hard

"@discordjs/util@npm:^1.0.2":
  version: 1.0.2
  resolution: "@discordjs/util@npm:1.0.2"
  checksum: 2fbf790dc2ac9e65f53dafe814714630c094a6fad2ee7e12ebd6160aa2a3c17e0d5600454e857801adfd04db7aee3133f85aadc6eb7daa8d9bf783d5d8b551aa
  languageName: node
  linkType: hard

"@discordjs/ws@npm:^1.0.2":
  version: 1.0.2
  resolution: "@discordjs/ws@npm:1.0.2"
  dependencies:
    "@discordjs/collection": "npm:^2.0.0"
    "@discordjs/rest": "npm:^2.1.0"
    "@discordjs/util": "npm:^1.0.2"
    "@sapphire/async-queue": "npm:^1.5.0"
    "@types/ws": "npm:^8.5.9"
    "@vladfrangu/async_event_emitter": "npm:^2.2.2"
    discord-api-types: "npm:0.37.61"
    tslib: "npm:^2.6.2"
    ws: "npm:^8.14.2"
  checksum: 84b6d5678c82048bbaa3c6dd8abe5be6ef8a2ce6c4e31b086e06f4855c627267114895ef20b9bfba9bde71ca0b6a879f2079bf566e5f1bd725fd63c83732f843
  languageName: node
  linkType: hard

"@fastify/busboy@npm:^2.0.0":
  version: 2.1.0
  resolution: "@fastify/busboy@npm:2.1.0"
  checksum: 7bb641080aac7cf01d88749ad331af10ba9ec3713ec07cabbe833908c75df21bd56249bb6173bdec07f5a41896b21e3689316f86684c06635da45f91ff4565a2
  languageName: node
  linkType: hard

"@sapphire/async-queue@npm:^1.5.0":
  version: 1.5.0
  resolution: "@sapphire/async-queue@npm:1.5.0"
  checksum: 9c3e485c774316aa131203d1cc5a23ce07409053f47c85841b3a72bd0ce644d2242fa850647fb1f72f1c7b07ae075f3bdcb8ea040977b789937417110f4aa18d
  languageName: node
  linkType: hard

"@sapphire/shapeshift@npm:^3.9.3":
  version: 3.9.3
  resolution: "@sapphire/shapeshift@npm:3.9.3"
  dependencies:
    fast-deep-equal: "npm:^3.1.3"
    lodash: "npm:^4.17.21"
  checksum: 6d096ca3a3abac5bfbc38e51da3c4bb1d0bdb81cf2f5e4ab6fae3621d73f3cdbb1acf337b932296d84b780814f90c6a6d8553d533883197c15d9673e845cfeda
  languageName: node
  linkType: hard

"@sapphire/snowflake@npm:3.5.1, @sapphire/snowflake@npm:^3.5.1":
  version: 3.5.1
  resolution: "@sapphire/snowflake@npm:3.5.1"
  checksum: f0e7729dcb50b6c3c2b949cecd7818a7ba0cc59adbcede7d40322ff6e576866e8ea76ce0e2dc89f8445836f5d80af8d2c7bebc2c0352624455abfa03834416f6
  languageName: node
  linkType: hard

"@sapphire/ts-config@npm:^5.0.0":
  version: 5.0.0
  resolution: "@sapphire/ts-config@npm:5.0.0"
  dependencies:
    tslib: "npm:^2.6.2"
    typescript: "npm:^5.2.2"
  checksum: b647ac85045b53afe5fd66f3f3432b8c5d90a506294d385390030c0feab993c68f44f65c069cf7ecb37bee4659aae3a718082acebbcacb26cb56bd7198b87db6
  languageName: node
  linkType: hard

"@types/node@npm:*":
  version: 20.9.1
  resolution: "@types/node@npm:20.9.1"
  dependencies:
    undici-types: "npm:~5.26.4"
  checksum: 0cb52c0840fe9a2e8f988564da6823bb3141e34fef8cb7264762c851c0dac5d9ef4859db422dfa41cd1a864ad126a9bd3b588d0285bc9af6de814de3280da9b3
  languageName: node
  linkType: hard

"@types/node@npm:^18.18.8":
  version: 18.18.9
  resolution: "@types/node@npm:18.18.9"
  dependencies:
    undici-types: "npm:~5.26.4"
  checksum: 8d58fba5eede0df009412ee188bc96f4baf340f4fafbda1bc66fb680fa775aedc88f0cb154a2455966443d9538af402fff022fb0632bddb1bd0648e5a86e5db9
  languageName: node
  linkType: hard

"@types/ws@npm:8.5.9, @types/ws@npm:^8.5.9":
  version: 8.5.9
  resolution: "@types/ws@npm:8.5.9"
  dependencies:
    "@types/node": "npm:*"
  checksum: 678bdd6461c4653f2975c537fb673cb1918c331558e2d2422b69761c9ced67200bb07c664e2593f3864077a891cb7c13ef2a40d303b4aacb06173d095d8aa3ce
  languageName: node
  linkType: hard

"@vladfrangu/async_event_emitter@npm:^2.2.2":
  version: 2.2.2
  resolution: "@vladfrangu/async_event_emitter@npm:2.2.2"
  checksum: 68e559b16d4e45ee0cc0ea35e72db86b399902e2ecb2d85c987b6767553bba34e50f83c16854c95da79c2fa780ac7fe7e712f96d22919048f5287c9e84cff319
  languageName: node
  linkType: hard

"bot@workspace:.":
  version: 0.0.0-use.local
  resolution: "bot@workspace:."
  dependencies:
    "@discordjs/core": "npm:^1.1.0"
    "@sapphire/ts-config": "npm:^5.0.0"
    "@types/node": "npm:^18.18.8"
    discord.js: "npm:^14.14.0"
    dotenv: "npm:^16.3.1"
    prettier: "npm:^3.0.3"
    typescript: "npm:^5.2.2"
  languageName: unknown
  linkType: soft

"discord-api-types@npm:0.37.61":
  version: 0.37.61
  resolution: "discord-api-types@npm:0.37.61"
  checksum: ce3d28df71df26fbd32f7a13c8b5c77ff3f9ad3612e8bbd44236a498388b73e34e39e1c5f6c4652950a1f54024f934275e0f10e49c2dcf3aafe58a1eb3776b74
  languageName: node
  linkType: hard

"discord.js@npm:^14.14.0":
  version: 14.14.1
  resolution: "discord.js@npm:14.14.1"
  dependencies:
    "@discordjs/builders": "npm:^1.7.0"
    "@discordjs/collection": "npm:1.5.3"
    "@discordjs/formatters": "npm:^0.3.3"
    "@discordjs/rest": "npm:^2.1.0"
    "@discordjs/util": "npm:^1.0.2"
    "@discordjs/ws": "npm:^1.0.2"
    "@sapphire/snowflake": "npm:3.5.1"
    "@types/ws": "npm:8.5.9"
    discord-api-types: "npm:0.37.61"
    fast-deep-equal: "npm:3.1.3"
    lodash.snakecase: "npm:4.1.1"
    tslib: "npm:2.6.2"
    undici: "npm:5.27.2"
    ws: "npm:8.14.2"
  checksum: 96fc27ea9752692404c18cdfb99594bb4af08b771886d12f26deb863c7c6cccd108e3fb91560fdcdae84138f7ca8c76d73cd52d11d5b0b4bd9a95f8804b32252
  languageName: node
  linkType: hard

"dotenv@npm:^16.3.1":
  version: 16.3.1
  resolution: "dotenv@npm:16.3.1"
  checksum: b95ff1bbe624ead85a3cd70dbd827e8e06d5f05f716f2d0cbc476532d54c7c9469c3bc4dd93ea519f6ad711cb522c00ac9a62b6eb340d5affae8008facc3fbd7
  languageName: node
  linkType: hard

"fast-deep-equal@npm:3.1.3, fast-deep-equal@npm:^3.1.3":
  version: 3.1.3
  resolution: "fast-deep-equal@npm:3.1.3"
  checksum: 40dedc862eb8992c54579c66d914635afbec43350afbbe991235fdcb4e3a8d5af1b23ae7e79bef7d4882d0ecee06c3197488026998fb19f72dc95acff1d1b1d0
  languageName: node
  linkType: hard

"lodash.snakecase@npm:4.1.1":
  version: 4.1.1
  resolution: "lodash.snakecase@npm:4.1.1"
  checksum: f0b3f2497eb20eea1a1cfc22d645ecaeb78ac14593eb0a40057977606d2f35f7aaff0913a06553c783b535aafc55b718f523f9eb78f8d5293f492af41002eaf9
  languageName: node
  linkType: hard

"lodash@npm:^4.17.21":
  version: 4.17.21
  resolution: "lodash@npm:4.17.21"
  checksum: d8cbea072bb08655bb4c989da418994b073a608dffa608b09ac04b43a791b12aeae7cd7ad919aa4c925f33b48490b5cfe6c1f71d827956071dae2e7bb3a6b74c
  languageName: node
  linkType: hard

"magic-bytes.js@npm:^1.5.0":
  version: 1.5.0
  resolution: "magic-bytes.js@npm:1.5.0"
  checksum: b5b1edd6316ee67e0a7c9e3bdce62ba070f5da4c534eb2d1e37a2aef1dde2e856f6bdc3335b4ebbc72d3b75f150481cad3662422c775e8fcf087543d1a9f4d40
  languageName: node
  linkType: hard

"prettier@npm:^3.0.3":
  version: 3.1.0
  resolution: "prettier@npm:3.1.0"
  bin:
    prettier: bin/prettier.cjs
  checksum: a45ea70aa97fde162ea4c4aba3dfc7859aa6a732a1db34458d9535dc3c2c16d3bc3fb5689e6cd76aa835562555303b02d9449fd2e15af3b73c8053557e25c5b6
  languageName: node
  linkType: hard

"ts-mixer@npm:^6.0.3":
  version: 6.0.3
  resolution: "ts-mixer@npm:6.0.3"
  checksum: 9e459c5d91f42039e9bafd4056e61d63ba82306381074c6b42f07bdac3014e5f2fdebb02cd9bd171547f2952210a9e3d3f05b5e6e121a8e185438a3a1a46f234
  languageName: node
  linkType: hard

"tslib@npm:2.6.2, tslib@npm:^2.6.2":
  version: 2.6.2
  resolution: "tslib@npm:2.6.2"
  checksum: e03a8a4271152c8b26604ed45535954c0a45296e32445b4b87f8a5abdb2421f40b59b4ca437c4346af0f28179780d604094eb64546bee2019d903d01c6c19bdb
  languageName: node
  linkType: hard

"typescript@npm:^5.2.2":
  version: 5.2.2
  resolution: "typescript@npm:5.2.2"
  bin:
    tsc: bin/tsc
    tsserver: bin/tsserver
  checksum: 91ae3e6193d0ddb8656d4c418a033f0f75dec5e077ebbc2bd6d76439b93f35683936ee1bdc0e9cf94ec76863aa49f27159b5788219b50e1cd0cd6d110aa34b07
  languageName: node
  linkType: hard

"typescript@patch:typescript@npm%3A^5.2.2#optional!builtin<compat/typescript>":
  version: 5.2.2
  resolution: "typescript@patch:typescript@npm%3A5.2.2#optional!builtin<compat/typescript>::version=5.2.2&hash=f3b441"
  bin:
    tsc: bin/tsc
    tsserver: bin/tsserver
  checksum: 062c1cee1990e6b9419ce8a55162b8dc917eb87f807e4de0327dbc1c2fa4e5f61bc0dd4e034d38ff541d1ed0479b53bcee8e4de3a4075c51a1724eb6216cb6f5
  languageName: node
  linkType: hard

"undici-types@npm:~5.26.4":
  version: 5.26.5
  resolution: "undici-types@npm:5.26.5"
  checksum: bb673d7876c2d411b6eb6c560e0c571eef4a01c1c19925175d16e3a30c4c428181fb8d7ae802a261f283e4166a0ac435e2f505743aa9e45d893f9a3df017b501
  languageName: node
  linkType: hard

"undici@npm:5.27.2":
  version: 5.27.2
  resolution: "undici@npm:5.27.2"
  dependencies:
    "@fastify/busboy": "npm:^2.0.0"
  checksum: 0cb62c57edc938f242c116e41fb2a74f81ed20e7e2e554cf1ceae548520df0592385b53d444f8cf59e1e10e6b27acd153198d8a2353b3040d0a778a099aac92c
  languageName: node
  linkType: hard

"ws@npm:8.14.2, ws@npm:^8.14.2":
  version: 8.14.2
  resolution: "ws@npm:8.14.2"
  peerDependencies:
    bufferutil: ^4.0.1
    utf-8-validate: ">=5.0.2"
  peerDependenciesMeta:
    bufferutil:
      optional: true
    utf-8-validate:
      optional: true
  checksum: 35b4c2da048b8015c797fd14bcb5a5766216ce65c8a5965616a5440ca7b6c3681ee3cbd0ea0c184a59975556e9d58f2002abf8485a14d11d3371770811050a16
  languageName: node
  linkType: hard
